
Microsoft Visual Studio Solution File, Format Version 12.00
# Visual Studio Version 16
VisualStudioVersion = 16.0.31729.503
MinimumVisualStudioVersion = 10.0.40219.1
Project("{2150E333-8FDC-42A3-9474-1A3956D46DE8}") = "Services", "Services", "{4C17D15B-2F70-480F-807B-8C1DED64B529}"
EndProject
Project("{2150E333-8FDC-42A3-9474-1A3956D46DE8}") = "Catalog", "Catalog", "{670DF0E0-E19F-4C34-B078-FDA72F3BFE0C}"
EndProject
Project("{FAE04EC0-301F-11D3-BF4B-00C04F79EFBC}") = "Catalog.API", "Services\Catalog\Catalog.API\Catalog.API.csproj", "{0BBDDB8C-30B2-42E4-B359-540AD0A0D306}"
EndProject
Global
	GlobalSection(SolutionConfigurationPlatforms) = preSolution
		Debug|Any CPU = Debug|Any CPU
		Release|Any CPU = Release|Any CPU
	EndGlobalSection
	GlobalSection(ProjectConfigurationPlatforms) = postSolution
		{0BBDDB8C-30B2-42E4-B359-540AD0A0D306}.Debug|Any CPU.ActiveCfg = Debug|Any CPU
		{0BBDDB8C-30B2-42E4-B359-540AD0A0D306}.Debug|Any CPU.Build.0 = Debug|Any CPU
		{0BBDDB8C-30B2-42E4-B359-540AD0A0D306}.Release|Any CPU.ActiveCfg = Release|Any CPU
		{0BBDDB8C-30B2-42E4-B359-540AD0A0D306}.Release|Any CPU.Build.0 = Release|Any CPU
	EndGlobalSection
	GlobalSection(SolutionProperties) = preSolution
		HideSolutionNode = FALSE
	EndGlobalSection
	GlobalSection(NestedProjects) = preSolution
		{670DF0E0-E19F-4C34-B078-FDA72F3BFE0C} = {4C17D15B-2F70-480F-807B-8C1DED64B529}
		{0BBDDB8C-30B2-42E4-B359-540AD0A0D306} = {670DF0E0-E19F-4C34-B078-FDA72F3BFE0C}
	EndGlobalSection
	GlobalSection(ExtensibilityGlobals) = postSolution
		SolutionGuid = {4FA80FFD-32D4-4E90-A1B2-B8A52348B178}
	EndGlobalSection
EndGlobal
